
Microsoft Visual Studio Solution File, Format Version 10.00
# Visual Studio 2008
Project("{8BC9CEB8-8B4A-11D0-8D11-00A0C91BC942}") = "house", "house.vcproj", "{DE338DFC-1063-4A1D-8FA7-E7B14769F98D}"
EndProject
Global
	GlobalSection(SolutionConfigurationPlatforms) = preSolution
		Debug|Win32 = Debug|Win32
		Release|Win32 = Release|Win32
	EndGlobalSection
	GlobalSection(ProjectConfigurationPlatforms) = postSolution
		{DE338DFC-1063-4A1D-8FA7-E7B14769F98D}.Debug|Win32.ActiveCfg = Debug|Win32
		{DE338DFC-1063-4A1D-8FA7-E7B14769F98D}.Debug|Win32.Build.0 = Debug|Win32
		{DE338DFC-1063-4A1D-8FA7-E7B14769F98D}.Release|Win32.ActiveCfg = Release|Win32
		{DE338DFC-1063-4A1D-8FA7-E7B14769F98D}.Release|Win32.Build.0 = Release|Win32
	EndGlobalSection
	GlobalSection(SolutionProperties) = preSolution
		HideSolutionNode = FALSE
	EndGlobalSection
EndGlobal
