
Microsoft Visual Studio Solution File, Format Version 10.00
# Visual Studio 2008
Project("{8BC9CEB8-8B4A-11D0-8D11-00A0C91BC942}") = "SpaceInvaders", "SpaceInvaders.vcproj", "{CF74FC38-033F-4F12-8A2D-5D33C189DC9A}"
EndProject
Global
	GlobalSection(SolutionConfigurationPlatforms) = preSolution
		Debug|Win32 = Debug|Win32
		Release|Win32 = Release|Win32
	EndGlobalSection
	GlobalSection(ProjectConfigurationPlatforms) = postSolution
		{CF74FC38-033F-4F12-8A2D-5D33C189DC9A}.Debug|Win32.ActiveCfg = Debug|Win32
		{CF74FC38-033F-4F12-8A2D-5D33C189DC9A}.Debug|Win32.Build.0 = Debug|Win32
		{CF74FC38-033F-4F12-8A2D-5D33C189DC9A}.Release|Win32.ActiveCfg = Release|Win32
		{CF74FC38-033F-4F12-8A2D-5D33C189DC9A}.Release|Win32.Build.0 = Release|Win32
	EndGlobalSection
	GlobalSection(SolutionProperties) = preSolution
		HideSolutionNode = FALSE
	EndGlobalSection
EndGlobal
